
Microsoft Visual Studio Solution File, Format Version 12.00
# Visual Studio Version 17
VisualStudioVersion = 17.1.32421.90
MinimumVisualStudioVersion = 10.0.40219.1
Project("{9A19103F-16F7-4668-BE54-9A1E7A4F7556}") = "profjulioguimaraes", "profjulioguimaraes\profjulioguimaraes.csproj", "{EEE73968-27BB-4352-8715-60CCD73A251B}"
EndProject
Project("{9A19103F-16F7-4668-BE54-9A1E7A4F7556}") = "Amizade.Infrastructure.Services", "Amizade.Infrastructure.Services\Amizade.Infrastructure.Services.csproj", "{6CEEDC18-3DAC-46E4-AE7A-99BA8D4BDAE1}"
EndProject
Project("{9A19103F-16F7-4668-BE54-9A1E7A4F7556}") = "FunctionApp", "FunctionApp\FunctionApp.csproj", "{8260C867-F912-4597-AD02-F3E2FB405F42}"
EndProject
Project("{2150E333-8FDC-42A3-9474-1A3956D46DE8}") = "0 - Solutions Itens", "0 - Solutions Itens", "{9684CF0C-8019-4AF1-B200-4BF4D0B7B5C2}"
	ProjectSection(SolutionItems) = preProject
		parameters.json = parameters.json
		template.json = template.json
	EndProjectSection
EndProject
Project("{2150E333-8FDC-42A3-9474-1A3956D46DE8}") = "1 - Presentation", "1 - Presentation", "{9D3359DB-40DE-471D-938E-B0E6DD9DEE1D}"
EndProject
Project("{2150E333-8FDC-42A3-9474-1A3956D46DE8}") = "2 - Infrastructure", "2 - Infrastructure", "{C6A81347-25D4-42C9-B667-AA0DEA2E7CA2}"
EndProject
Project("{9A19103F-16F7-4668-BE54-9A1E7A4F7556}") = "Amizade.Domain.Model", "Amizade.Domain.Model\Amizade.Domain.Model.csproj", "{5A2B90C9-23A2-41FD-859D-04D421D1CA83}"
EndProject
Global
	GlobalSection(SolutionConfigurationPlatforms) = preSolution
		Debug|Any CPU = Debug|Any CPU
		Release|Any CPU = Release|Any CPU
	EndGlobalSection
	GlobalSection(ProjectConfigurationPlatforms) = postSolution
		{EEE73968-27BB-4352-8715-60CCD73A251B}.Debug|Any CPU.ActiveCfg = Debug|Any CPU
		{EEE73968-27BB-4352-8715-60CCD73A251B}.Debug|Any CPU.Build.0 = Debug|Any CPU
		{EEE73968-27BB-4352-8715-60CCD73A251B}.Release|Any CPU.ActiveCfg = Release|Any CPU
		{EEE73968-27BB-4352-8715-60CCD73A251B}.Release|Any CPU.Build.0 = Release|Any CPU
		{6CEEDC18-3DAC-46E4-AE7A-99BA8D4BDAE1}.Debug|Any CPU.ActiveCfg = Debug|Any CPU
		{6CEEDC18-3DAC-46E4-AE7A-99BA8D4BDAE1}.Debug|Any CPU.Build.0 = Debug|Any CPU
		{6CEEDC18-3DAC-46E4-AE7A-99BA8D4BDAE1}.Release|Any CPU.ActiveCfg = Release|Any CPU
		{6CEEDC18-3DAC-46E4-AE7A-99BA8D4BDAE1}.Release|Any CPU.Build.0 = Release|Any CPU
		{8260C867-F912-4597-AD02-F3E2FB405F42}.Debug|Any CPU.ActiveCfg = Debug|Any CPU
		{8260C867-F912-4597-AD02-F3E2FB405F42}.Debug|Any CPU.Build.0 = Debug|Any CPU
		{8260C867-F912-4597-AD02-F3E2FB405F42}.Release|Any CPU.ActiveCfg = Release|Any CPU
		{8260C867-F912-4597-AD02-F3E2FB405F42}.Release|Any CPU.Build.0 = Release|Any CPU
		{5A2B90C9-23A2-41FD-859D-04D421D1CA83}.Debug|Any CPU.ActiveCfg = Debug|Any CPU
		{5A2B90C9-23A2-41FD-859D-04D421D1CA83}.Debug|Any CPU.Build.0 = Debug|Any CPU
		{5A2B90C9-23A2-41FD-859D-04D421D1CA83}.Release|Any CPU.ActiveCfg = Release|Any CPU
		{5A2B90C9-23A2-41FD-859D-04D421D1CA83}.Release|Any CPU.Build.0 = Release|Any CPU
	EndGlobalSection
	GlobalSection(SolutionProperties) = preSolution
		HideSolutionNode = FALSE
	EndGlobalSection
	GlobalSection(NestedProjects) = preSolution
		{EEE73968-27BB-4352-8715-60CCD73A251B} = {9D3359DB-40DE-471D-938E-B0E6DD9DEE1D}
		{6CEEDC18-3DAC-46E4-AE7A-99BA8D4BDAE1} = {C6A81347-25D4-42C9-B667-AA0DEA2E7CA2}
		{8260C867-F912-4597-AD02-F3E2FB405F42} = {9D3359DB-40DE-471D-938E-B0E6DD9DEE1D}
		{5A2B90C9-23A2-41FD-859D-04D421D1CA83} = {9D3359DB-40DE-471D-938E-B0E6DD9DEE1D}
	EndGlobalSection
	GlobalSection(ExtensibilityGlobals) = postSolution
		SolutionGuid = {C15E94A2-AFF1-4AA4-AE22-3B64BC73BE68}
	EndGlobalSection
EndGlobal
